
Microsoft Visual Studio Solution File, Format Version 12.00
# Visual Studio 14
VisualStudioVersion = 14.0.25123.0
MinimumVisualStudioVersion = 10.0.40219.1
Project("{FAE04EC0-301F-11D3-BF4B-00C04F79EFBC}") = "DTEditData", "DTEditData\DTEditData.csproj", "{F1F05D4C-F762-43E3-BCA3-104135A2D55D}"
EndProject
Project("{FAE04EC0-301F-11D3-BF4B-00C04F79EFBC}") = "DataTrack.IO", "DataTrack.IO\DataTrack.IO.csproj", "{1F02905E-06DF-43D6-AF0B-07E2E0E7E9C5}"
EndProject
Project("{FAE04EC0-301F-11D3-BF4B-00C04F79EFBC}") = "DTEditData.Tests", "DTEditData.Tests\DTEditData.Tests.csproj", "{4E3D7673-9A3B-4060-AA5B-84C8AE6A1189}"
EndProject
Global
	GlobalSection(SolutionConfigurationPlatforms) = preSolution
		Debug|Any CPU = Debug|Any CPU
		Release|Any CPU = Release|Any CPU
	EndGlobalSection
	GlobalSection(ProjectConfigurationPlatforms) = postSolution
		{F1F05D4C-F762-43E3-BCA3-104135A2D55D}.Debug|Any CPU.ActiveCfg = Debug|Any CPU
		{F1F05D4C-F762-43E3-BCA3-104135A2D55D}.Debug|Any CPU.Build.0 = Debug|Any CPU
		{F1F05D4C-F762-43E3-BCA3-104135A2D55D}.Release|Any CPU.ActiveCfg = Release|Any CPU
		{F1F05D4C-F762-43E3-BCA3-104135A2D55D}.Release|Any CPU.Build.0 = Release|Any CPU
		{1F02905E-06DF-43D6-AF0B-07E2E0E7E9C5}.Debug|Any CPU.ActiveCfg = Debug|Any CPU
		{1F02905E-06DF-43D6-AF0B-07E2E0E7E9C5}.Debug|Any CPU.Build.0 = Debug|Any CPU
		{1F02905E-06DF-43D6-AF0B-07E2E0E7E9C5}.Release|Any CPU.ActiveCfg = Release|Any CPU
		{1F02905E-06DF-43D6-AF0B-07E2E0E7E9C5}.Release|Any CPU.Build.0 = Release|Any CPU
		{4E3D7673-9A3B-4060-AA5B-84C8AE6A1189}.Debug|Any CPU.ActiveCfg = Debug|Any CPU
		{4E3D7673-9A3B-4060-AA5B-84C8AE6A1189}.Debug|Any CPU.Build.0 = Debug|Any CPU
		{4E3D7673-9A3B-4060-AA5B-84C8AE6A1189}.Release|Any CPU.ActiveCfg = Release|Any CPU
		{4E3D7673-9A3B-4060-AA5B-84C8AE6A1189}.Release|Any CPU.Build.0 = Release|Any CPU
	EndGlobalSection
	GlobalSection(SolutionProperties) = preSolution
		HideSolutionNode = FALSE
	EndGlobalSection
EndGlobal
